// !$*UTF8*$!
{
	archiveVersion = 1;
	classes = {
	};
	objectVersion = 55;
	objects = {

/* Begin PBXBuildFile section */
		5C60700826F948A200D1808D /* Tests_iOS.swift in Sources */ = {isa = PBXBuildFile; fileRef = 5C60700726F948A200D1808D /* Tests_iOS.swift */; };
		5C60700A26F948A200D1808D /* Tests_iOSLaunchTests.swift in Sources */ = {isa = PBXBuildFile; fileRef = 5C60700926F948A200D1808D /* Tests_iOSLaunchTests.swift */; };
		5C60701426F948A200D1808D /* Tests_macOS.swift in Sources */ = {isa = PBXBuildFile; fileRef = 5C60701326F948A200D1808D /* Tests_macOS.swift */; };
		5C60701626F948A200D1808D /* Tests_macOSLaunchTests.swift in Sources */ = {isa = PBXBuildFile; fileRef = 5C60701526F948A200D1808D /* Tests_macOSLaunchTests.swift */; };
		5C60701726F948A200D1808D /* BasicReducerApp.swift in Sources */ = {isa = PBXBuildFile; fileRef = 5C606FEF26F948A000D1808D /* BasicReducerApp.swift */; };
		5C60701826F948A200D1808D /* BasicReducerApp.swift in Sources */ = {isa = PBXBuildFile; fileRef = 5C606FEF26F948A000D1808D /* BasicReducerApp.swift */; };
		5C60701B26F948A200D1808D /* Assets.xcassets in Resources */ = {isa = PBXBuildFile; fileRef = 5C606FF126F948A200D1808D /* Assets.xcassets */; };
		5C60701C26F948A200D1808D /* Assets.xcassets in Resources */ = {isa = PBXBuildFile; fileRef = 5C606FF126F948A200D1808D /* Assets.xcassets */; };
		5C60702D26F948E700D1808D /* ComposableArchitecture in Frameworks */ = {isa = PBXBuildFile; productRef = 5C60702C26F948E700D1808D /* ComposableArchitecture */; };
		5C60703026F948EE00D1808D /* ComposableArchitecture in Frameworks */ = {isa = PBXBuildFile; productRef = 5C60702F26F948EE00D1808D /* ComposableArchitecture */; };
/* End PBXBuildFile section */

/* Begin PBXContainerItemProxy section */
		5C60700426F948A200D1808D /* PBXContainerItemProxy */ = {
			isa = PBXContainerItemProxy;
			containerPortal = 5C606FEA26F948A000D1808D /* Project object */;
			proxyType = 1;
			remoteGlobalIDString = 5C606FF526F948A200D1808D;
			remoteInfo = "BasicReducer (iOS)";
		};
		5C60701026F948A200D1808D /* PBXContainerItemProxy */ = {
			isa = PBXContainerItemProxy;
			containerPortal = 5C606FEA26F948A000D1808D /* Project object */;
			proxyType = 1;
			remoteGlobalIDString = 5C606FFB26F948A200D1808D;
			remoteInfo = "BasicReducer (macOS)";
		};
/* End PBXContainerItemProxy section */

/* Begin PBXFileReference section */
		5C606FEF26F948A000D1808D /* BasicReducerApp.swift */ = {isa = PBXFileReference; lastKnownFileType = sourcecode.swift; path = BasicReducerApp.swift; sourceTree = "<group>"; };
		5C606FF126F948A200D1808D /* Assets.xcassets */ = {isa = PBXFileReference; lastKnownFileType = folder.assetcatalog; path = Assets.xcassets; sourceTree = "<group>"; };
		5C606FF626F948A200D1808D /* BasicReducer.app */ = {isa = PBXFileReference; explicitFileType = wrapper.application; includeInIndex = 0; path = BasicReducer.app; sourceTree = BUILT_PRODUCTS_DIR; };
		5C606FFC26F948A200D1808D /* BasicReducer.app */ = {isa = PBXFileReference; explicitFileType = wrapper.application; includeInIndex = 0; path = BasicReducer.app; sourceTree = BUILT_PRODUCTS_DIR; };
		5C606FFE26F948A200D1808D /* macOS.entitlements */ = {isa = PBXFileReference; lastKnownFileType = text.plist.entitlements; path = macOS.entitlements; sourceTree = "<group>"; };
		5C60700326F948A200D1808D /* Tests iOS.xctest */ = {isa = PBXFileReference; explicitFileType = wrapper.cfbundle; includeInIndex = 0; path = "Tests iOS.xctest"; sourceTree = BUILT_PRODUCTS_DIR; };
		5C60700726F948A200D1808D /* Tests_iOS.swift */ = {isa = PBXFileReference; lastKnownFileType = sourcecode.swift; path = Tests_iOS.swift; sourceTree = "<group>"; };
		5C60700926F948A200D1808D /* Tests_iOSLaunchTests.swift */ = {isa = PBXFileReference; lastKnownFileType = sourcecode.swift; path = Tests_iOSLaunchTests.swift; sourceTree = "<group>"; };
		5C60700F26F948A200D1808D /* Tests macOS.xctest */ = {isa = PBXFileReference; explicitFileType = wrapper.cfbundle; includeInIndex = 0; path = "Tests macOS.xctest"; sourceTree = BUILT_PRODUCTS_DIR; };
		5C60701326F948A200D1808D /* Tests_macOS.swift */ = {isa = PBXFileReference; lastKnownFileType = sourcecode.swift; path = Tests_macOS.swift; sourceTree = "<group>"; };
		5C60701526F948A200D1808D /* Tests_macOSLaunchTests.swift */ = {isa = PBXFileReference; lastKnownFileType = sourcecode.swift; path = Tests_macOSLaunchTests.swift; sourceTree = "<group>"; };
/* End PBXFileReference section */

/* Begin PBXFrameworksBuildPhase section */
		5C606FF326F948A200D1808D /* Frameworks */ = {
			isa = PBXFrameworksBuildPhase;
			buildActionMask = 2147483647;
			files = (
				5C60702D26F948E700D1808D /* ComposableArchitecture in Frameworks */,
			);
			runOnlyForDeploymentPostprocessing = 0;
		};
		5C606FF926F948A200D1808D /* Frameworks */ = {
			isa = PBXFrameworksBuildPhase;
			buildActionMask = 2147483647;
			files = (
				5C60703026F948EE00D1808D /* ComposableArchitecture in Frameworks */,
			);
			runOnlyForDeploymentPostprocessing = 0;
		};
		5C60700026F948A200D1808D /* Frameworks */ = {
			isa = PBXFrameworksBuildPhase;
			buildActionMask = 2147483647;
			files = (
			);
			runOnlyForDeploymentPostprocessing = 0;
		};
		5C60700C26F948A200D1808D /* Frameworks */ = {
			isa = PBXFrameworksBuildPhase;
			buildActionMask = 2147483647;
			files = (
			);
			runOnlyForDeploymentPostprocessing = 0;
		};
/* End PBXFrameworksBuildPhase section */

/* Begin PBXGroup section */
		5C606FE926F948A000D1808D = {
			isa = PBXGroup;
			children = (
				5C606FEE26F948A000D1808D /* Shared */,
				5C606FFD26F948A200D1808D /* macOS */,
				5C60700626F948A200D1808D /* Tests iOS */,
				5C60701226F948A200D1808D /* Tests macOS */,
				5C606FF726F948A200D1808D /* Products */,
				5C60702E26F948EE00D1808D /* Frameworks */,
			);
			sourceTree = "<group>";
		};
		5C606FEE26F948A000D1808D /* Shared */ = {
			isa = PBXGroup;
			children = (
				5C606FEF26F948A000D1808D /* BasicReducerApp.swift */,
				5C606FF126F948A200D1808D /* Assets.xcassets */,
			);
			path = Shared;
			sourceTree = "<group>";
		};
		5C606FF726F948A200D1808D /* Products */ = {
			isa = PBXGroup;
			children = (
				5C606FF626F948A200D1808D /* BasicReducer.app */,
				5C606FFC26F948A200D1808D /* BasicReducer.app */,
				5C60700326F948A200D1808D /* Tests iOS.xctest */,
				5C60700F26F948A200D1808D /* Tests macOS.xctest */,
			);
			name = Products;
			sourceTree = "<group>";
		};
		5C606FFD26F948A200D1808D /* macOS */ = {
			isa = PBXGroup;
			children = (
				5C606FFE26F948A200D1808D /* macOS.entitlements */,
			);
			path = macOS;
			sourceTree = "<group>";
		};
		5C60700626F948A200D1808D /* Tests iOS */ = {
			isa = PBXGroup;
			children = (
				5C60700726F948A200D1808D /* Tests_iOS.swift */,
				5C60700926F948A200D1808D /* Tests_iOSLaunchTests.swift */,
			);
			path = "Tests iOS";
			sourceTree = "<group>";
		};
		5C60701226F948A200D1808D /* Tests macOS */ = {
			isa = PBXGroup;
			children = (
				5C60701326F948A200D1808D /* Tests_macOS.swift */,
				5C60701526F948A200D1808D /* Tests_macOSLaunchTests.swift */,
			);
			path = "Tests macOS";
			sourceTree = "<group>";
		};
		5C60702E26F948EE00D1808D /* Frameworks */ = {
			isa = PBXGroup;
			children = (
			);
			name = Frameworks;
			sourceTree = "<group>";
		};
/* End PBXGroup section */

/* Begin PBXNativeTarget section */
		5C606FF526F948A200D1808D /* BasicReducer (iOS) */ = {
			isa = PBXNativeTarget;
			buildConfigurationList = 5C60701F26F948A200D1808D /* Build configuration list for PBXNativeTarget "BasicReducer (iOS)" */;
			buildPhases = (
				5C606FF226F948A200D1808D /* Sources */,
				5C606FF326F948A200D1808D /* Frameworks */,
				5C606FF426F948A200D1808D /* Resources */,
			);
			buildRules = (
			);
			dependencies = (
			);
			name = "BasicReducer (iOS)";
			packageProductDependencies = (
				5C60702C26F948E700D1808D /* ComposableArchitecture */,
			);
			productName = "BasicReducer (iOS)";
			productReference = 5C606FF626F948A200D1808D /* BasicReducer.app */;
			productType = "com.apple.product-type.application";
		};
		5C606FFB26F948A200D1808D /* BasicReducer (macOS) */ = {
			isa = PBXNativeTarget;
			buildConfigurationList = 5C60702226F948A200D1808D /* Build configuration list for PBXNativeTarget "BasicReducer (macOS)" */;
			buildPhases = (
				5C606FF826F948A200D1808D /* Sources */,
				5C606FF926F948A200D1808D /* Frameworks */,
				5C606FFA26F948A200D1808D /* Resources */,
			);
			buildRules = (
			);
			dependencies = (
			);
			name = "BasicReducer (macOS)";
			packageProductDependencies = (
				5C60702F26F948EE00D1808D /* ComposableArchitecture */,
			);
			productName = "BasicReducer (macOS)";
			productReference = 5C606FFC26F948A200D1808D /* BasicReducer.app */;
			productType = "com.apple.product-type.application";
		};
		5C60700226F948A200D1808D /* Tests iOS */ = {
			isa = PBXNativeTarget;
			buildConfigurationList = 5C60702526F948A200D1808D /* Build configuration list for PBXNativeTarget "Tests iOS" */;
			buildPhases = (
				5C606FFF26F948A200D1808D /* Sources */,
				5C60700026F948A200D1808D /* Frameworks */,
				5C60700126F948A200D1808D /* Resources */,
			);
			buildRules = (
			);
			dependencies = (
				5C60700526F948A200D1808D /* PBXTargetDependency */,
			);
			name = "Tests iOS";
			productName = "Tests iOS";
			productReference = 5C60700326F948A200D1808D /* Tests iOS.xctest */;
			productType = "com.apple.product-type.bundle.ui-testing";
		};
		5C60700E26F948A200D1808D /* Tests macOS */ = {
			isa = PBXNativeTarget;
			buildConfigurationList = 5C60702826F948A200D1808D /* Build configuration list for PBXNativeTarget "Tests macOS" */;
			buildPhases = (
				5C60700B26F948A200D1808D /* Sources */,
				5C60700C26F948A200D1808D /* Frameworks */,
				5C60700D26F948A200D1808D /* Resources */,
			);
			buildRules = (
			);
			dependencies = (
				5C60701126F948A200D1808D /* PBXTargetDependency */,
			);
			name = "Tests macOS";
			productName = "Tests macOS";
			productReference = 5C60700F26F948A200D1808D /* Tests macOS.xctest */;
			productType = "com.apple.product-type.bundle.ui-testing";
		};
/* End PBXNativeTarget section */

/* Begin PBXProject section */
		5C606FEA26F948A000D1808D /* Project object */ = {
			isa = PBXProject;
			attributes = {
				BuildIndependentTargetsInParallel = 1;
				LastSwiftUpdateCheck = 1300;
				LastUpgradeCheck = 1300;
				TargetAttributes = {
					5C606FF526F948A200D1808D = {
						CreatedOnToolsVersion = 13.0;
					};
					5C606FFB26F948A200D1808D = {
						CreatedOnToolsVersion = 13.0;
					};
					5C60700226F948A200D1808D = {
						CreatedOnToolsVersion = 13.0;
						TestTargetID = 5C606FF526F948A200D1808D;
					};
					5C60700E26F948A200D1808D = {
						CreatedOnToolsVersion = 13.0;
						TestTargetID = 5C606FFB26F948A200D1808D;
					};
				};
			};
			buildConfigurationList = 5C606FED26F948A000D1808D /* Build configuration list for PBXProject "BasicReducer" */;
			compatibilityVersion = "Xcode 13.0";
			developmentRegion = en;
			hasScannedForEncodings = 0;
			knownRegions = (
				en,
				Base,
			);
			mainGroup = 5C606FE926F948A000D1808D;
			packageReferences = (
				5C60702B26F948E700D1808D /* XCRemoteSwiftPackageReference "swift-composable-architecture" */,
			);
			productRefGroup = 5C606FF726F948A200D1808D /* Products */;
			projectDirPath = "";
			projectRoot = "";
			targets = (
				5C606FF526F948A200D1808D /* BasicReducer (iOS) */,
				5C606FFB26F948A200D1808D /* BasicReducer (macOS) */,
				5C60700226F948A200D1808D /* Tests iOS */,
				5C60700E26F948A200D1808D /* Tests macOS */,
			);
		};
/* End PBXProject section */

/* Begin PBXResourcesBuildPhase section */
		5C606FF426F948A200D1808D /* Resources */ = {
			isa = PBXResourcesBuildPhase;
			buildActionMask = 2147483647;
			files = (
				5C60701B26F948A200D1808D /* Assets.xcassets in Resources */,
			);
			runOnlyForDeploymentPostprocessing = 0;
		};
		5C606FFA26F948A200D1808D /* Resources */ = {
			isa = PBXResourcesBuildPhase;
			buildActionMask = 2147483647;
			files = (
				5C60701C26F948A200D1808D /* Assets.xcassets in Resources */,
			);
			runOnlyForDeploymentPostprocessing = 0;
		};
		5C60700126F948A200D1808D /* Resources */ = {
			isa = PBXResourcesBuildPhase;
			buildActionMask = 2147483647;
			files = (
			);
			runOnlyForDeploymentPostprocessing = 0;
		};
		5C60700D26F948A200D1808D /* Resources */ = {
			isa = PBXResourcesBuildPhase;
			buildActionMask = 2147483647;
			files = (
			);
			runOnlyForDeploymentPostprocessing = 0;
		};
/* End PBXResourcesBuildPhase section */

/* Begin PBXSourcesBuildPhase section */
		5C606FF226F948A200D1808D /* Sources */ = {
			isa = PBXSourcesBuildPhase;
			buildActionMask = 2147483647;
			files = (
				5C60701726F948A200D1808D /* BasicReducerApp.swift in Sources */,
			);
			runOnlyForDeploymentPostprocessing = 0;
		};
		5C606FF826F948A200D1808D /* Sources */ = {
			isa = PBXSourcesBuildPhase;
			buildActionMask = 2147483647;
			files = (
				5C60701826F948A200D1808D /* BasicReducerApp.swift in Sources */,
			);
			runOnlyForDeploymentPostprocessing = 0;
		};
		5C606FFF26F948A200D1808D /* Sources */ = {
			isa = PBXSourcesBuildPhase;
			buildActionMask = 2147483647;
			files = (
				5C60700A26F948A200D1808D /* Tests_iOSLaunchTests.swift in Sources */,
				5C60700826F948A200D1808D /* Tests_iOS.swift in Sources */,
			);
			runOnlyForDeploymentPostprocessing = 0;
		};
		5C60700B26F948A200D1808D /* Sources */ = {
			isa = PBXSourcesBuildPhase;
			buildActionMask = 2147483647;
			files = (
				5C60701626F948A200D1808D /* Tests_macOSLaunchTests.swift in Sources */,
				5C60701426F948A200D1808D /* Tests_macOS.swift in Sources */,
			);
			runOnlyForDeploymentPostprocessing = 0;
		};
/* End PBXSourcesBuildPhase section */

/* Begin PBXTargetDependency section */
		5C60700526F948A200D1808D /* PBXTargetDependency */ = {
			isa = PBXTargetDependency;
			target = 5C606FF526F948A200D1808D /* BasicReducer (iOS) */;
			targetProxy = 5C60700426F948A200D1808D /* PBXContainerItemProxy */;
		};
		5C60701126F948A200D1808D /* PBXTargetDependency */ = {
			isa = PBXTargetDependency;
			target = 5C606FFB26F948A200D1808D /* BasicReducer (macOS) */;
			targetProxy = 5C60701026F948A200D1808D /* PBXContainerItemProxy */;
		};
/* End PBXTargetDependency section */

/* Begin XCBuildConfiguration section */
		5C60701D26F948A200D1808D /* Debug */ = {
			isa = XCBuildConfiguration;
			buildSettings = {
				ALWAYS_SEARCH_USER_PATHS = NO;
				CLANG_ANALYZER_NONNULL = YES;
				CLANG_ANALYZER_NUMBER_OBJECT_CONVERSION = YES_AGGRESSIVE;
				CLANG_CXX_LANGUAGE_STANDARD = "gnu++17";
				CLANG_CXX_LIBRARY = "libc++";
				CLANG_ENABLE_MODULES = YES;
				CLANG_ENABLE_OBJC_ARC = YES;
				CLANG_ENABLE_OBJC_WEAK = YES;
				CLANG_WARN_BLOCK_CAPTURE_AUTORELEASING = YES;
				CLANG_WARN_BOOL_CONVERSION = YES;
				CLANG_WARN_COMMA = YES;
				CLANG_WARN_CONSTANT_CONVERSION = YES;
				CLANG_WARN_DEPRECATED_OBJC_IMPLEMENTATIONS = YES;
				CLANG_WARN_DIRECT_OBJC_ISA_USAGE = YES_ERROR;
				CLANG_WARN_DOCUMENTATION_COMMENTS = YES;
				CLANG_WARN_EMPTY_BODY = YES;
				CLANG_WARN_ENUM_CONVERSION = YES;
				CLANG_WARN_INFINITE_RECURSION = YES;
				CLANG_WARN_INT_CONVERSION = YES;
				CLANG_WARN_NON_LITERAL_NULL_CONVERSION = YES;
				CLANG_WARN_OBJC_IMPLICIT_RETAIN_SELF = YES;
				CLANG_WARN_OBJC_LITERAL_CONVERSION = YES;
				CLANG_WARN_OBJC_ROOT_CLASS = YES_ERROR;
				CLANG_WARN_QUOTED_INCLUDE_IN_FRAMEWORK_HEADER = YES;
				CLANG_WARN_RANGE_LOOP_ANALYSIS = YES;
				CLANG_WARN_STRICT_PROTOTYPES = YES;
				CLANG_WARN_SUSPICIOUS_MOVE = YES;
				CLANG_WARN_UNGUARDED_AVAILABILITY = YES_AGGRESSIVE;
				CLANG_WARN_UNREACHABLE_CODE = YES;
				CLANG_WARN__DUPLICATE_METHOD_MATCH = YES;
				COPY_PHASE_STRIP = NO;
				DEBUG_INFORMATION_FORMAT = dwarf;
				ENABLE_STRICT_OBJC_MSGSEND = YES;
				ENABLE_TESTABILITY = YES;
				GCC_C_LANGUAGE_STANDARD = gnu11;
				GCC_DYNAMIC_NO_PIC = NO;
				GCC_NO_COMMON_BLOCKS = YES;
				GCC_OPTIMIZATION_LEVEL = 0;
				GCC_PREPROCESSOR_DEFINITIONS = (
					"DEBUG=1",
					"$(inherited)",
				);
				GCC_WARN_64_TO_32_BIT_CONVERSION = YES;
				GCC_WARN_ABOUT_RETURN_TYPE = YES_ERROR;
				GCC_WARN_UNDECLARED_SELECTOR = YES;
				GCC_WARN_UNINITIALIZED_AUTOS = YES_AGGRESSIVE;
				GCC_WARN_UNUSED_FUNCTION = YES;
				GCC_WARN_UNUSED_VARIABLE = YES;
				MTL_ENABLE_DEBUG_INFO = INCLUDE_SOURCE;
				MTL_FAST_MATH = YES;
				ONLY_ACTIVE_ARCH = YES;
				SWIFT_ACTIVE_COMPILATION_CONDITIONS = DEBUG;
				SWIFT_OPTIMIZATION_LEVEL = "-Onone";
			};
			name = Debug;
		};
		5C60701E26F948A200D1808D /* Release */ = {
			isa = XCBuildConfiguration;
			buildSettings = {
				ALWAYS_SEARCH_USER_PATHS = NO;
				CLANG_ANALYZER_NONNULL = YES;
				CLANG_ANALYZER_NUMBER_OBJECT_CONVERSION = YES_AGGRESSIVE;
				CLANG_CXX_LANGUAGE_STANDARD = "gnu++17";
				CLANG_CXX_LIBRARY = "libc++";
				CLANG_ENABLE_MODULES = YES;
				CLANG_ENABLE_OBJC_ARC = YES;
				CLANG_ENABLE_OBJC_WEAK = YES;
				CLANG_WARN_BLOCK_CAPTURE_AUTORELEASING = YES;
				CLANG_WARN_BOOL_CONVERSION = YES;
				CLANG_WARN_COMMA = YES;
				CLANG_WARN_CONSTANT_CONVERSION = YES;
				CLANG_WARN_DEPRECATED_OBJC_IMPLEMENTATIONS = YES;
				CLANG_WARN_DIRECT_OBJC_ISA_USAGE = YES_ERROR;
				CLANG_WARN_DOCUMENTATION_COMMENTS = YES;
				CLANG_WARN_EMPTY_BODY = YES;
				CLANG_WARN_ENUM_CONVERSION = YES;
				CLANG_WARN_INFINITE_RECURSION = YES;
				CLANG_WARN_INT_CONVERSION = YES;
				CLANG_WARN_NON_LITERAL_NULL_CONVERSION = YES;
				CLANG_WARN_OBJC_IMPLICIT_RETAIN_SELF = YES;
				CLANG_WARN_OBJC_LITERAL_CONVERSION = YES;
				CLANG_WARN_OBJC_ROOT_CLASS = YES_ERROR;
				CLANG_WARN_QUOTED_INCLUDE_IN_FRAMEWORK_HEADER = YES;
				CLANG_WARN_RANGE_LOOP_ANALYSIS = YES;
				CLANG_WARN_STRICT_PROTOTYPES = YES;
				CLANG_WARN_SUSPICIOUS_MOVE = YES;
				CLANG_WARN_UNGUARDED_AVAILABILITY = YES_AGGRESSIVE;
				CLANG_WARN_UNREACHABLE_CODE = YES;
				CLANG_WARN__DUPLICATE_METHOD_MATCH = YES;
				COPY_PHASE_STRIP = NO;
				DEBUG_INFORMATION_FORMAT = "dwarf-with-dsym";
				ENABLE_NS_ASSERTIONS = NO;
				ENABLE_STRICT_OBJC_MSGSEND = YES;
				GCC_C_LANGUAGE_STANDARD = gnu11;
				GCC_NO_COMMON_BLOCKS = YES;
				GCC_WARN_64_TO_32_BIT_CONVERSION = YES;
				GCC_WARN_ABOUT_RETURN_TYPE = YES_ERROR;
				GCC_WARN_UNDECLARED_SELECTOR = YES;
				GCC_WARN_UNINITIALIZED_AUTOS = YES_AGGRESSIVE;
				GCC_WARN_UNUSED_FUNCTION = YES;
				GCC_WARN_UNUSED_VARIABLE = YES;
				MTL_ENABLE_DEBUG_INFO = NO;
				MTL_FAST_MATH = YES;
				SWIFT_COMPILATION_MODE = wholemodule;
				SWIFT_OPTIMIZATION_LEVEL = "-O";
			};
			name = Release;
		};
		5C60702026F948A200D1808D /* Debug */ = {
			isa = XCBuildConfiguration;
			buildSettings = {
				ASSETCATALOG_COMPILER_APPICON_NAME = AppIcon;
				ASSETCATALOG_COMPILER_GLOBAL_ACCENT_COLOR_NAME = AccentColor;
				CODE_SIGN_STYLE = Automatic;
				CURRENT_PROJECT_VERSION = 1;
				DEVELOPMENT_TEAM = 8M8SAX62V2;
				ENABLE_PREVIEWS = YES;
				GENERATE_INFOPLIST_FILE = YES;
				INFOPLIST_KEY_UIApplicationSceneManifest_Generation = YES;
				INFOPLIST_KEY_UIApplicationSupportsIndirectInputEvents = YES;
				INFOPLIST_KEY_UILaunchScreen_Generation = YES;
				INFOPLIST_KEY_UISupportedInterfaceOrientations_iPad = "UIInterfaceOrientationPortrait UIInterfaceOrientationPortraitUpsideDown UIInterfaceOrientationLandscapeLeft UIInterfaceOrientationLandscapeRight";
				INFOPLIST_KEY_UISupportedInterfaceOrientations_iPhone = "UIInterfaceOrientationPortrait UIInterfaceOrientationLandscapeLeft UIInterfaceOrientationLandscapeRight";
				IPHONEOS_DEPLOYMENT_TARGET = 14.0;
				LD_RUNPATH_SEARCH_PATHS = (
					"$(inherited)",
					"@executable_path/Frameworks",
				);
				MARKETING_VERSION = 1.0;
				PRODUCT_BUNDLE_IDENTIFIER = com.0x.leif.BasicReducer;
				PRODUCT_NAME = BasicReducer;
				SDKROOT = iphoneos;
				SWIFT_EMIT_LOC_STRINGS = YES;
				SWIFT_VERSION = 5.0;
				TARGETED_DEVICE_FAMILY = "1,2";
			};
			name = Debug;
		};
		5C60702126F948A200D1808D /* Release */ = {
			isa = XCBuildConfiguration;
			buildSettings = {
				ASSETCATALOG_COMPILER_APPICON_NAME = AppIcon;
				ASSETCATALOG_COMPILER_GLOBAL_ACCENT_COLOR_NAME = AccentColor;
				CODE_SIGN_STYLE = Automatic;
				CURRENT_PROJECT_VERSION = 1;
				DEVELOPMENT_TEAM = 8M8SAX62V2;
				ENABLE_PREVIEWS = YES;
				GENERATE_INFOPLIST_FILE = YES;
				INFOPLIST_KEY_UIApplicationSceneManifest_Generation = YES;
				INFOPLIST_KEY_UIApplicationSupportsIndirectInputEvents = YES;
				INFOPLIST_KEY_UILaunchScreen_Generation = YES;
				INFOPLIST_KEY_UISupportedInterfaceOrientations_iPad = "UIInterfaceOrientationPortrait UIInterfaceOrientationPortraitUpsideDown UIInterfaceOrientationLandscapeLeft UIInterfaceOrientationLandscapeRight";
				INFOPLIST_KEY_UISupportedInterfaceOrientations_iPhone = "UIInterfaceOrientationPortrait UIInterfaceOrientationLandscapeLeft UIInterfaceOrientationLandscapeRight";
				IPHONEOS_DEPLOYMENT_TARGET = 14.0;
				LD_RUNPATH_SEARCH_PATHS = (
					"$(inherited)",
					"@executable_path/Frameworks",
				);
				MARKETING_VERSION = 1.0;
				PRODUCT_BUNDLE_IDENTIFIER = com.0x.leif.BasicReducer;
				PRODUCT_NAME = BasicReducer;
				SDKROOT = iphoneos;
				SWIFT_EMIT_LOC_STRINGS = YES;
				SWIFT_VERSION = 5.0;
				TARGETED_DEVICE_FAMILY = "1,2";
				VALIDATE_PRODUCT = YES;
			};
			name = Release;
		};
		5C60702326F948A200D1808D /* Debug */ = {
			isa = XCBuildConfiguration;
			buildSettings = {
				ASSETCATALOG_COMPILER_APPICON_NAME = AppIcon;
				ASSETCATALOG_COMPILER_GLOBAL_ACCENT_COLOR_NAME = AccentColor;
				CODE_SIGN_ENTITLEMENTS = macOS/macOS.entitlements;
				CODE_SIGN_STYLE = Automatic;
				COMBINE_HIDPI_IMAGES = YES;
				CURRENT_PROJECT_VERSION = 1;
				DEVELOPMENT_TEAM = 8M8SAX62V2;
				ENABLE_HARDENED_RUNTIME = YES;
				ENABLE_PREVIEWS = YES;
				GENERATE_INFOPLIST_FILE = YES;
				INFOPLIST_KEY_NSHumanReadableCopyright = "";
				LD_RUNPATH_SEARCH_PATHS = (
					"$(inherited)",
					"@executable_path/../Frameworks",
				);
				MACOSX_DEPLOYMENT_TARGET = 11.0;
				MARKETING_VERSION = 1.0;
				PRODUCT_BUNDLE_IDENTIFIER = com.0x.leif.BasicReducer;
				PRODUCT_NAME = BasicReducer;
				SDKROOT = macosx;
				SWIFT_EMIT_LOC_STRINGS = YES;
				SWIFT_VERSION = 5.0;
			};
			name = Debug;
		};
		5C60702426F948A200D1808D /* Release */ = {
			isa = XCBuildConfiguration;
			buildSettings = {
				ASSETCATALOG_COMPILER_APPICON_NAME = AppIcon;
				ASSETCATALOG_COMPILER_GLOBAL_ACCENT_COLOR_NAME = AccentColor;
				CODE_SIGN_ENTITLEMENTS = macOS/macOS.entitlements;
				CODE_SIGN_STYLE = Automatic;
				COMBINE_HIDPI_IMAGES = YES;
				CURRENT_PROJECT_VERSION = 1;
				DEVELOPMENT_TEAM = 8M8SAX62V2;
				ENABLE_HARDENED_RUNTIME = YES;
				ENABLE_PREVIEWS = YES;
				GENERATE_INFOPLIST_FILE = YES;
				INFOPLIST_KEY_NSHumanReadableCopyright = "";
				LD_RUNPATH_SEARCH_PATHS = (
					"$(inherited)",
					"@executable_path/../Frameworks",
				);
				MACOSX_DEPLOYMENT_TARGET = 11.0;
				MARKETING_VERSION = 1.0;
				PRODUCT_BUNDLE_IDENTIFIER = com.0x.leif.BasicReducer;
				PRODUCT_NAME = BasicReducer;
				SDKROOT = macosx;
				SWIFT_EMIT_LOC_STRINGS = YES;
				SWIFT_VERSION = 5.0;
			};
			name = Release;
		};
		5C60702626F948A200D1808D /* Debug */ = {
			isa = XCBuildConfiguration;
			buildSettings = {
				ALWAYS_EMBED_SWIFT_STANDARD_LIBRARIES = YES;
				CODE_SIGN_STYLE = Automatic;
				CURRENT_PROJECT_VERSION = 1;
				DEVELOPMENT_TEAM = 8M8SAX62V2;
				GENERATE_INFOPLIST_FILE = YES;
				IPHONEOS_DEPLOYMENT_TARGET = 15.0;
				LD_RUNPATH_SEARCH_PATHS = (
					"$(inherited)",
					"@executable_path/Frameworks",
					"@loader_path/Frameworks",
				);
				MARKETING_VERSION = 1.0;
				PRODUCT_BUNDLE_IDENTIFIER = "com.0x.leif.Tests-iOS";
				PRODUCT_NAME = "$(TARGET_NAME)";
				SDKROOT = iphoneos;
				SWIFT_EMIT_LOC_STRINGS = NO;
				SWIFT_VERSION = 5.0;
				TARGETED_DEVICE_FAMILY = "1,2";
				TEST_TARGET_NAME = "BasicReducer (iOS)";
			};
			name = Debug;
		};
		5C60702726F948A200D1808D /* Release */ = {
			isa = XCBuildConfiguration;
			buildSettings = {
				ALWAYS_EMBED_SWIFT_STANDARD_LIBRARIES = YES;
				CODE_SIGN_STYLE = Automatic;
				CURRENT_PROJECT_VERSION = 1;
				DEVELOPMENT_TEAM = 8M8SAX62V2;
				GENERATE_INFOPLIST_FILE = YES;
				IPHONEOS_DEPLOYMENT_TARGET = 15.0;
				LD_RUNPATH_SEARCH_PATHS = (
					"$(inherited)",
					"@executable_path/Frameworks",
					"@loader_path/Frameworks",
				);
				MARKETING_VERSION = 1.0;
				PRODUCT_BUNDLE_IDENTIFIER = "com.0x.leif.Tests-iOS";
				PRODUCT_NAME = "$(TARGET_NAME)";
				SDKROOT = iphoneos;
				SWIFT_EMIT_LOC_STRINGS = NO;
				SWIFT_VERSION = 5.0;
				TARGETED_DEVICE_FAMILY = "1,2";
				TEST_TARGET_NAME = "BasicReducer (iOS)";
				VALIDATE_PRODUCT = YES;
			};
			name = Release;
		};
		5C60702926F948A200D1808D /* Debug */ = {
			isa = XCBuildConfiguration;
			buildSettings = {
				ALWAYS_EMBED_SWIFT_STANDARD_LIBRARIES = YES;
				CODE_SIGN_STYLE = Automatic;
				COMBINE_HIDPI_IMAGES = YES;
				CURRENT_PROJECT_VERSION = 1;
				DEVELOPMENT_TEAM = 8M8SAX62V2;
				GENERATE_INFOPLIST_FILE = YES;
				LD_RUNPATH_SEARCH_PATHS = (
					"$(inherited)",
					"@executable_path/../Frameworks",
					"@loader_path/../Frameworks",
				);
				MACOSX_DEPLOYMENT_TARGET = 11.3;
				MARKETING_VERSION = 1.0;
				PRODUCT_BUNDLE_IDENTIFIER = "com.0x.leif.Tests-macOS";
				PRODUCT_NAME = "$(TARGET_NAME)";
				SDKROOT = macosx;
				SWIFT_EMIT_LOC_STRINGS = NO;
				SWIFT_VERSION = 5.0;
				TEST_TARGET_NAME = "BasicReducer (macOS)";
			};
			name = Debug;
		};
		5C60702A26F948A200D1808D /* Release */ = {
			isa = XCBuildConfiguration;
			buildSettings = {
				ALWAYS_EMBED_SWIFT_STANDARD_LIBRARIES = YES;
				CODE_SIGN_STYLE = Automatic;
				COMBINE_HIDPI_IMAGES = YES;
				CURRENT_PROJECT_VERSION = 1;
				DEVELOPMENT_TEAM = 8M8SAX62V2;
				GENERATE_INFOPLIST_FILE = YES;
				LD_RUNPATH_SEARCH_PATHS = (
					"$(inherited)",
					"@executable_path/../Frameworks",
					"@loader_path/../Frameworks",
				);
				MACOSX_DEPLOYMENT_TARGET = 11.3;
				MARKETING_VERSION = 1.0;
				PRODUCT_BUNDLE_IDENTIFIER = "com.0x.leif.Tests-macOS";
				PRODUCT_NAME = "$(TARGET_NAME)";
				SDKROOT = macosx;
				SWIFT_EMIT_LOC_STRINGS = NO;
				SWIFT_VERSION = 5.0;
				TEST_TARGET_NAME = "BasicReducer (macOS)";
			};
			name = Release;
		};
/* End XCBuildConfiguration section */

/* Begin XCConfigurationList section */
		5C606FED26F948A000D1808D /* Build configuration list for PBXProject "BasicReducer" */ = {
			isa = XCConfigurationList;
			buildConfigurations = (
				5C60701D26F948A200D1808D /* Debug */,
				5C60701E26F948A200D1808D /* Release */,
			);
			defaultConfigurationIsVisible = 0;
			defaultConfigurationName = Release;
		};
		5C60701F26F948A200D1808D /* Build configuration list for PBXNativeTarget "BasicReducer (iOS)" */ = {
			isa = XCConfigurationList;
			buildConfigurations = (
				5C60702026F948A200D1808D /* Debug */,
				5C60702126F948A200D1808D /* Release */,
			);
			defaultConfigurationIsVisible = 0;
			defaultConfigurationName = Release;
		};
		5C60702226F948A200D1808D /* Build configuration list for PBXNativeTarget "BasicReducer (macOS)" */ = {
			isa = XCConfigurationList;
			buildConfigurations = (
				5C60702326F948A200D1808D /* Debug */,
				5C60702426F948A200D1808D /* Release */,
			);
			defaultConfigurationIsVisible = 0;
			defaultConfigurationName = Release;
		};
		5C60702526F948A200D1808D /* Build configuration list for PBXNativeTarget "Tests iOS" */ = {
			isa = XCConfigurationList;
			buildConfigurations = (
				5C60702626F948A200D1808D /* Debug */,
				5C60702726F948A200D1808D /* Release */,
			);
			defaultConfigurationIsVisible = 0;
			defaultConfigurationName = Release;
		};
		5C60702826F948A200D1808D /* Build configuration list for PBXNativeTarget "Tests macOS" */ = {
			isa = XCConfigurationList;
			buildConfigurations = (
				5C60702926F948A200D1808D /* Debug */,
				5C60702A26F948A200D1808D /* Release */,
			);
			defaultConfigurationIsVisible = 0;
			defaultConfigurationName = Release;
		};
/* End XCConfigurationList section */

/* Begin XCRemoteSwiftPackageReference section */
		5C60702B26F948E700D1808D /* XCRemoteSwiftPackageReference "swift-composable-architecture" */ = {
			isa = XCRemoteSwiftPackageReference;
			repositoryURL = "https://github.com/pointfreeco/swift-composable-architecture";
			requirement = {
				kind = upToNextMajorVersion;
				minimumVersion = 0.28.0;
			};
		};
/* End XCRemoteSwiftPackageReference section */

/* Begin XCSwiftPackageProductDependency section */
		5C60702C26F948E700D1808D /* ComposableArchitecture */ = {
			isa = XCSwiftPackageProductDependency;
			package = 5C60702B26F948E700D1808D /* XCRemoteSwiftPackageReference "swift-composable-architecture" */;
			productName = ComposableArchitecture;
		};
		5C60702F26F948EE00D1808D /* ComposableArchitecture */ = {
			isa = XCSwiftPackageProductDependency;
			package = 5C60702B26F948E700D1808D /* XCRemoteSwiftPackageReference "swift-composable-architecture" */;
			productName = ComposableArchitecture;
		};
/* End XCSwiftPackageProductDependency section */
	};
	rootObject = 5C606FEA26F948A000D1808D /* Project object */;
}
